// !$*UTF8*$!
{
	archiveVersion = 1;
	classes = {
	};
	objectVersion = 56;
	objects = {

/* Begin PBXBuildFile section */
		E2577EFD29F88E89004DDE57 /* AppDelegate.swift in Sources */ = {isa = PBXBuildFile; fileRef = E2577EFC29F88E89004DDE57 /* AppDelegate.swift */; };
		E2577EFF29F88E89004DDE57 /* SceneDelegate.swift in Sources */ = {isa = PBXBuildFile; fileRef = E2577EFE29F88E89004DDE57 /* SceneDelegate.swift */; };
		E2577F0129F88E89004DDE57 /* ViewController.swift in Sources */ = {isa = PBXBuildFile; fileRef = E2577F0029F88E89004DDE57 /* ViewController.swift */; };
		E2577F0629F88E8A004DDE57 /* Assets.xcassets in Resources */ = {isa = PBXBuildFile; fileRef = E2577F0529F88E8A004DDE57 /* Assets.xcassets */; };
		E2577F0929F88E8A004DDE57 /* LaunchScreen.storyboard in Resources */ = {isa = PBXBuildFile; fileRef = E2577F0729F88E8A004DDE57 /* LaunchScreen.storyboard */; };
		E2577F1229F8901A004DDE57 /* ViewController.swift in Sources */ = {isa = PBXBuildFile; fileRef = E2577F0029F88E89004DDE57 /* ViewController.swift */; };
		E2577F1329F8901A004DDE57 /* AppDelegate.swift in Sources */ = {isa = PBXBuildFile; fileRef = E2577EFC29F88E89004DDE57 /* AppDelegate.swift */; };
		E2577F1429F8901A004DDE57 /* SceneDelegate.swift in Sources */ = {isa = PBXBuildFile; fileRef = E2577EFE29F88E89004DDE57 /* SceneDelegate.swift */; };
		E2577F1729F8901A004DDE57 /* LaunchScreen.storyboard in Resources */ = {isa = PBXBuildFile; fileRef = E2577F0729F88E8A004DDE57 /* LaunchScreen.storyboard */; };
		E2577F1829F8901A004DDE57 /* Assets.xcassets in Resources */ = {isa = PBXBuildFile; fileRef = E2577F0529F88E8A004DDE57 /* Assets.xcassets */; };
		E2577F2029F8C3EF004DDE57 /* ConfigurationSettings.swift in Sources */ = {isa = PBXBuildFile; fileRef = E2577F1F29F8C3EF004DDE57 /* ConfigurationSettings.swift */; };
		E2577F2129F8C3EF004DDE57 /* ConfigurationSettings.swift in Sources */ = {isa = PBXBuildFile; fileRef = E2577F1F29F8C3EF004DDE57 /* ConfigurationSettings.swift */; };
		E2577F2329F8D1CA004DDE57 /* Simpsons.plist in Resources */ = {isa = PBXBuildFile; fileRef = E2577F2229F8D1CA004DDE57 /* Simpsons.plist */; };
		E2577F2429F8D1CA004DDE57 /* Simpsons.plist in Resources */ = {isa = PBXBuildFile; fileRef = E2577F2229F8D1CA004DDE57 /* Simpsons.plist */; };
		E2577F2629F8D259004DDE57 /* TheWire.plist in Resources */ = {isa = PBXBuildFile; fileRef = E2577F2529F8D259004DDE57 /* TheWire.plist */; };
		E2577F2729F8D259004DDE57 /* TheWire.plist in Resources */ = {isa = PBXBuildFile; fileRef = E2577F2529F8D259004DDE57 /* TheWire.plist */; };
		E2577F2929F8DA70004DDE57 /* CharacterListViewController.swift in Sources */ = {isa = PBXBuildFile; fileRef = E2577F2829F8DA70004DDE57 /* CharacterListViewController.swift */; };
		E2577F2A29F8DA70004DDE57 /* CharacterListViewController.swift in Sources */ = {isa = PBXBuildFile; fileRef = E2577F2829F8DA70004DDE57 /* CharacterListViewController.swift */; };
		E2577F2C29F8DCA5004DDE57 /* CharacterService.swift in Sources */ = {isa = PBXBuildFile; fileRef = E2577F2B29F8DCA5004DDE57 /* CharacterService.swift */; };
		E2577F2D29F8DCA5004DDE57 /* CharacterService.swift in Sources */ = {isa = PBXBuildFile; fileRef = E2577F2B29F8DCA5004DDE57 /* CharacterService.swift */; };
		E2577F2F29F8F483004DDE57 /* ServiceResponse.swift in Sources */ = {isa = PBXBuildFile; fileRef = E2577F2E29F8F483004DDE57 /* ServiceResponse.swift */; };
		E2577F3029F8F483004DDE57 /* ServiceResponse.swift in Sources */ = {isa = PBXBuildFile; fileRef = E2577F2E29F8F483004DDE57 /* ServiceResponse.swift */; };
		E2577F3229F90AC4004DDE57 /* CharacterListContentView.swift in Sources */ = {isa = PBXBuildFile; fileRef = E2577F3129F90AC4004DDE57 /* CharacterListContentView.swift */; };
		E2577F3329F90AC4004DDE57 /* CharacterListContentView.swift in Sources */ = {isa = PBXBuildFile; fileRef = E2577F3129F90AC4004DDE57 /* CharacterListContentView.swift */; };
		E26727DE29F9A0F600BB5171 /* CharacterListTableViewCell.swift in Sources */ = {isa = PBXBuildFile; fileRef = E26727DD29F9A0F600BB5171 /* CharacterListTableViewCell.swift */; };
		E26727DF29F9A0F600BB5171 /* CharacterListTableViewCell.swift in Sources */ = {isa = PBXBuildFile; fileRef = E26727DD29F9A0F600BB5171 /* CharacterListTableViewCell.swift */; };
		E26727E129F9A62C00BB5171 /* CharacterListViewModel.swift in Sources */ = {isa = PBXBuildFile; fileRef = E26727E029F9A62C00BB5171 /* CharacterListViewModel.swift */; };
		E26727E229F9A62C00BB5171 /* CharacterListViewModel.swift in Sources */ = {isa = PBXBuildFile; fileRef = E26727E029F9A62C00BB5171 /* CharacterListViewModel.swift */; };
		E26727E429F9B0B000BB5171 /* CharacterDetailViewController.swift in Sources */ = {isa = PBXBuildFile; fileRef = E26727E329F9B0B000BB5171 /* CharacterDetailViewController.swift */; };
		E26727E529F9B0B000BB5171 /* CharacterDetailViewController.swift in Sources */ = {isa = PBXBuildFile; fileRef = E26727E329F9B0B000BB5171 /* CharacterDetailViewController.swift */; };
		E26727E729F9B38D00BB5171 /* CharacterDetailContentView.swift in Sources */ = {isa = PBXBuildFile; fileRef = E26727E629F9B38D00BB5171 /* CharacterDetailContentView.swift */; };
		E26727E829F9B38D00BB5171 /* CharacterDetailContentView.swift in Sources */ = {isa = PBXBuildFile; fileRef = E26727E629F9B38D00BB5171 /* CharacterDetailContentView.swift */; };
		E26727EA29F9BE0900BB5171 /* CharacterListIPadTableViewCell.swift in Sources */ = {isa = PBXBuildFile; fileRef = E26727E929F9BE0900BB5171 /* CharacterListIPadTableViewCell.swift */; };
		E26727EB29F9BE0900BB5171 /* CharacterListIPadTableViewCell.swift in Sources */ = {isa = PBXBuildFile; fileRef = E26727E929F9BE0900BB5171 /* CharacterListIPadTableViewCell.swift */; };
/* End PBXBuildFile section */

/* Begin PBXFileReference section */
		E2577EF929F88E89004DDE57 /* Simpsons Character Viewer.app */ = {isa = PBXFileReference; explicitFileType = wrapper.application; includeInIndex = 0; path = "Simpsons Character Viewer.app"; sourceTree = BUILT_PRODUCTS_DIR; };
		E2577EFC29F88E89004DDE57 /* AppDelegate.swift */ = {isa = PBXFileReference; lastKnownFileType = sourcecode.swift; path = AppDelegate.swift; sourceTree = "<group>"; };
		E2577EFE29F88E89004DDE57 /* SceneDelegate.swift */ = {isa = PBXFileReference; lastKnownFileType = sourcecode.swift; path = SceneDelegate.swift; sourceTree = "<group>"; };
		E2577F0029F88E89004DDE57 /* ViewController.swift */ = {isa = PBXFileReference; lastKnownFileType = sourcecode.swift; path = ViewController.swift; sourceTree = "<group>"; };
		E2577F0529F88E8A004DDE57 /* Assets.xcassets */ = {isa = PBXFileReference; lastKnownFileType = folder.assetcatalog; path = Assets.xcassets; sourceTree = "<group>"; };
		E2577F0829F88E8A004DDE57 /* Base */ = {isa = PBXFileReference; lastKnownFileType = file.storyboard; name = Base; path = Base.lproj/LaunchScreen.storyboard; sourceTree = "<group>"; };
		E2577F0A29F88E8A004DDE57 /* Simpsons Character Viewer.plist */ = {isa = PBXFileReference; lastKnownFileType = text.plist.xml; path = "Simpsons Character Viewer.plist"; sourceTree = "<group>"; };
		E2577F1D29F8901A004DDE57 /* The Wire Character Viewer.app */ = {isa = PBXFileReference; explicitFileType = wrapper.application; includeInIndex = 0; path = "The Wire Character Viewer.app"; sourceTree = BUILT_PRODUCTS_DIR; };
		E2577F1E29F8901A004DDE57 /* The Wire Character Viewer.plist */ = {isa = PBXFileReference; lastKnownFileType = text.plist.xml; name = "The Wire Character Viewer.plist"; path = "/Users/pedrocarriel/Swift/SimpsonsCharacterViewer/The Wire Character Viewer.plist"; sourceTree = "<absolute>"; };
		E2577F1F29F8C3EF004DDE57 /* ConfigurationSettings.swift */ = {isa = PBXFileReference; lastKnownFileType = sourcecode.swift; path = ConfigurationSettings.swift; sourceTree = "<group>"; };
		E2577F2229F8D1CA004DDE57 /* Simpsons.plist */ = {isa = PBXFileReference; lastKnownFileType = text.plist.xml; path = Simpsons.plist; sourceTree = "<group>"; };
		E2577F2529F8D259004DDE57 /* TheWire.plist */ = {isa = PBXFileReference; lastKnownFileType = text.plist.xml; path = TheWire.plist; sourceTree = "<group>"; };
		E2577F2829F8DA70004DDE57 /* CharacterListViewController.swift */ = {isa = PBXFileReference; lastKnownFileType = sourcecode.swift; path = CharacterListViewController.swift; sourceTree = "<group>"; };
		E2577F2B29F8DCA5004DDE57 /* CharacterService.swift */ = {isa = PBXFileReference; lastKnownFileType = sourcecode.swift; path = CharacterService.swift; sourceTree = "<group>"; };
		E2577F2E29F8F483004DDE57 /* ServiceResponse.swift */ = {isa = PBXFileReference; lastKnownFileType = sourcecode.swift; path = ServiceResponse.swift; sourceTree = "<group>"; };
		E2577F3129F90AC4004DDE57 /* CharacterListContentView.swift */ = {isa = PBXFileReference; lastKnownFileType = sourcecode.swift; path = CharacterListContentView.swift; sourceTree = "<group>"; };
		E26727DD29F9A0F600BB5171 /* CharacterListTableViewCell.swift */ = {isa = PBXFileReference; lastKnownFileType = sourcecode.swift; path = CharacterListTableViewCell.swift; sourceTree = "<group>"; };
		E26727E029F9A62C00BB5171 /* CharacterListViewModel.swift */ = {isa = PBXFileReference; lastKnownFileType = sourcecode.swift; path = CharacterListViewModel.swift; sourceTree = "<group>"; };
		E26727E329F9B0B000BB5171 /* CharacterDetailViewController.swift */ = {isa = PBXFileReference; lastKnownFileType = sourcecode.swift; path = CharacterDetailViewController.swift; sourceTree = "<group>"; };
		E26727E629F9B38D00BB5171 /* CharacterDetailContentView.swift */ = {isa = PBXFileReference; lastKnownFileType = sourcecode.swift; path = CharacterDetailContentView.swift; sourceTree = "<group>"; };
		E26727E929F9BE0900BB5171 /* CharacterListIPadTableViewCell.swift */ = {isa = PBXFileReference; lastKnownFileType = sourcecode.swift; path = CharacterListIPadTableViewCell.swift; sourceTree = "<group>"; };
/* End PBXFileReference section */

/* Begin PBXFrameworksBuildPhase section */
		E2577EF629F88E89004DDE57 /* Frameworks */ = {
			isa = PBXFrameworksBuildPhase;
			buildActionMask = 2147483647;
			files = (
			);
			runOnlyForDeploymentPostprocessing = 0;
		};
		E2577F1529F8901A004DDE57 /* Frameworks */ = {
			isa = PBXFrameworksBuildPhase;
			buildActionMask = 2147483647;
			files = (
			);
			runOnlyForDeploymentPostprocessing = 0;
		};
/* End PBXFrameworksBuildPhase section */

/* Begin PBXGroup section */
		E2577EF029F88E89004DDE57 = {
			isa = PBXGroup;
			children = (
				E2577EFB29F88E89004DDE57 /* CharacterViewer */,
				E2577EFA29F88E89004DDE57 /* Products */,
				E2577F1E29F8901A004DDE57 /* The Wire Character Viewer.plist */,
			);
			sourceTree = "<group>";
		};
		E2577EFA29F88E89004DDE57 /* Products */ = {
			isa = PBXGroup;
			children = (
				E2577EF929F88E89004DDE57 /* Simpsons Character Viewer.app */,
				E2577F1D29F8901A004DDE57 /* The Wire Character Viewer.app */,
			);
			name = Products;
			sourceTree = "<group>";
		};
		E2577EFB29F88E89004DDE57 /* CharacterViewer */ = {
			isa = PBXGroup;
			children = (
				E2577EFC29F88E89004DDE57 /* AppDelegate.swift */,
				E2577EFE29F88E89004DDE57 /* SceneDelegate.swift */,
				E2577F0029F88E89004DDE57 /* ViewController.swift */,
				E2577F0529F88E8A004DDE57 /* Assets.xcassets */,
				E2577F0729F88E8A004DDE57 /* LaunchScreen.storyboard */,
				E2577F1F29F8C3EF004DDE57 /* ConfigurationSettings.swift */,
				E2577F0A29F88E8A004DDE57 /* Simpsons Character Viewer.plist */,
				E2577F2229F8D1CA004DDE57 /* Simpsons.plist */,
				E2577F2529F8D259004DDE57 /* TheWire.plist */,
				E2577F2829F8DA70004DDE57 /* CharacterListViewController.swift */,
				E2577F2B29F8DCA5004DDE57 /* CharacterService.swift */,
				E2577F2E29F8F483004DDE57 /* ServiceResponse.swift */,
				E2577F3129F90AC4004DDE57 /* CharacterListContentView.swift */,
				E26727DD29F9A0F600BB5171 /* CharacterListTableViewCell.swift */,
				E26727E029F9A62C00BB5171 /* CharacterListViewModel.swift */,
				E26727E329F9B0B000BB5171 /* CharacterDetailViewController.swift */,
				E26727E629F9B38D00BB5171 /* CharacterDetailContentView.swift */,
				E26727E929F9BE0900BB5171 /* CharacterListIPadTableViewCell.swift */,
			);
			path = CharacterViewer;
			sourceTree = "<group>";
		};
/* End PBXGroup section */

/* Begin PBXNativeTarget section */
		E2577EF829F88E89004DDE57 /* Simpsons Character Viewer */ = {
			isa = PBXNativeTarget;
			buildConfigurationList = E2577F0D29F88E8A004DDE57 /* Build configuration list for PBXNativeTarget "Simpsons Character Viewer" */;
			buildPhases = (
				E2577EF529F88E89004DDE57 /* Sources */,
				E2577EF629F88E89004DDE57 /* Frameworks */,
				E2577EF729F88E89004DDE57 /* Resources */,
			);
			buildRules = (
			);
			dependencies = (
			);
			name = "Simpsons Character Viewer";
			productName = SimpsonsCharacterViewer;
			productReference = E2577EF929F88E89004DDE57 /* Simpsons Character Viewer.app */;
			productType = "com.apple.product-type.application";
		};
		E2577F1029F8901A004DDE57 /* The Wire Character Viewer */ = {
			isa = PBXNativeTarget;
			buildConfigurationList = E2577F1A29F8901A004DDE57 /* Build configuration list for PBXNativeTarget "The Wire Character Viewer" */;
			buildPhases = (
				E2577F1129F8901A004DDE57 /* Sources */,
				E2577F1529F8901A004DDE57 /* Frameworks */,
				E2577F1629F8901A004DDE57 /* Resources */,
			);
			buildRules = (
			);
			dependencies = (
			);
			name = "The Wire Character Viewer";
			productName = SimpsonsCharacterViewer;
			productReference = E2577F1D29F8901A004DDE57 /* The Wire Character Viewer.app */;
			productType = "com.apple.product-type.application";
		};
/* End PBXNativeTarget section */

/* Begin PBXProject section */
		E2577EF129F88E89004DDE57 /* Project object */ = {
			isa = PBXProject;
			attributes = {
				BuildIndependentTargetsInParallel = 1;
				LastSwiftUpdateCheck = 1430;
				LastUpgradeCheck = 1430;
				TargetAttributes = {
					E2577EF829F88E89004DDE57 = {
						CreatedOnToolsVersion = 14.3;
					};
				};
			};
			buildConfigurationList = E2577EF429F88E89004DDE57 /* Build configuration list for PBXProject "CharacterViewer" */;
			compatibilityVersion = "Xcode 14.0";
			developmentRegion = en;
			hasScannedForEncodings = 0;
			knownRegions = (
				en,
				Base,
			);
			mainGroup = E2577EF029F88E89004DDE57;
			productRefGroup = E2577EFA29F88E89004DDE57 /* Products */;
			projectDirPath = "";
			projectRoot = "";
			targets = (
				E2577EF829F88E89004DDE57 /* Simpsons Character Viewer */,
				E2577F1029F8901A004DDE57 /* The Wire Character Viewer */,
			);
		};
/* End PBXProject section */

/* Begin PBXResourcesBuildPhase section */
		E2577EF729F88E89004DDE57 /* Resources */ = {
			isa = PBXResourcesBuildPhase;
			buildActionMask = 2147483647;
			files = (
				E2577F2329F8D1CA004DDE57 /* Simpsons.plist in Resources */,
				E2577F0929F88E8A004DDE57 /* LaunchScreen.storyboard in Resources */,
				E2577F0629F88E8A004DDE57 /* Assets.xcassets in Resources */,
				E2577F2629F8D259004DDE57 /* TheWire.plist in Resources */,
			);
			runOnlyForDeploymentPostprocessing = 0;
		};
		E2577F1629F8901A004DDE57 /* Resources */ = {
			isa = PBXResourcesBuildPhase;
			buildActionMask = 2147483647;
			files = (
				E2577F2429F8D1CA004DDE57 /* Simpsons.plist in Resources */,
				E2577F1729F8901A004DDE57 /* LaunchScreen.storyboard in Resources */,
				E2577F1829F8901A004DDE57 /* Assets.xcassets in Resources */,
				E2577F2729F8D259004DDE57 /* TheWire.plist in Resources */,
			);
			runOnlyForDeploymentPostprocessing = 0;
		};
/* End PBXResourcesBuildPhase section */

/* Begin PBXSourcesBuildPhase section */
		E2577EF529F88E89004DDE57 /* Sources */ = {
			isa = PBXSourcesBuildPhase;
			buildActionMask = 2147483647;
			files = (
				E26727EA29F9BE0900BB5171 /* CharacterListIPadTableViewCell.swift in Sources */,
				E26727E429F9B0B000BB5171 /* CharacterDetailViewController.swift in Sources */,
				E2577F3229F90AC4004DDE57 /* CharacterListContentView.swift in Sources */,
				E2577F0129F88E89004DDE57 /* ViewController.swift in Sources */,
				E26727DE29F9A0F600BB5171 /* CharacterListTableViewCell.swift in Sources */,
				E2577EFD29F88E89004DDE57 /* AppDelegate.swift in Sources */,
				E2577F2929F8DA70004DDE57 /* CharacterListViewController.swift in Sources */,
				E26727E729F9B38D00BB5171 /* CharacterDetailContentView.swift in Sources */,
				E2577F2C29F8DCA5004DDE57 /* CharacterService.swift in Sources */,
				E2577F2F29F8F483004DDE57 /* ServiceResponse.swift in Sources */,
				E2577EFF29F88E89004DDE57 /* SceneDelegate.swift in Sources */,
				E26727E129F9A62C00BB5171 /* CharacterListViewModel.swift in Sources */,
				E2577F2029F8C3EF004DDE57 /* ConfigurationSettings.swift in Sources */,
			);
			runOnlyForDeploymentPostprocessing = 0;
		};
		E2577F1129F8901A004DDE57 /* Sources */ = {
			isa = PBXSourcesBuildPhase;
			buildActionMask = 2147483647;
			files = (
				E26727EB29F9BE0900BB5171 /* CharacterListIPadTableViewCell.swift in Sources */,
				E26727E529F9B0B000BB5171 /* CharacterDetailViewController.swift in Sources */,
				E2577F3329F90AC4004DDE57 /* CharacterListContentView.swift in Sources */,
				E2577F1229F8901A004DDE57 /* ViewController.swift in Sources */,
				E26727DF29F9A0F600BB5171 /* CharacterListTableViewCell.swift in Sources */,
				E2577F1329F8901A004DDE57 /* AppDelegate.swift in Sources */,
				E2577F2A29F8DA70004DDE57 /* CharacterListViewController.swift in Sources */,
				E26727E829F9B38D00BB5171 /* CharacterDetailContentView.swift in Sources */,
				E2577F2D29F8DCA5004DDE57 /* CharacterService.swift in Sources */,
				E2577F3029F8F483004DDE57 /* ServiceResponse.swift in Sources */,
				E2577F1429F8901A004DDE57 /* SceneDelegate.swift in Sources */,
				E26727E229F9A62C00BB5171 /* CharacterListViewModel.swift in Sources */,
				E2577F2129F8C3EF004DDE57 /* ConfigurationSettings.swift in Sources */,
			);
			runOnlyForDeploymentPostprocessing = 0;
		};
/* End PBXSourcesBuildPhase section */

/* Begin PBXVariantGroup section */
		E2577F0729F88E8A004DDE57 /* LaunchScreen.storyboard */ = {
			isa = PBXVariantGroup;
			children = (
				E2577F0829F88E8A004DDE57 /* Base */,
			);
			name = LaunchScreen.storyboard;
			sourceTree = "<group>";
		};
/* End PBXVariantGroup section */

/* Begin XCBuildConfiguration section */
		E2577F0B29F88E8A004DDE57 /* Debug */ = {
			isa = XCBuildConfiguration;
			buildSettings = {
				ALWAYS_SEARCH_USER_PATHS = NO;
				CLANG_ANALYZER_NONNULL = YES;
				CLANG_ANALYZER_NUMBER_OBJECT_CONVERSION = YES_AGGRESSIVE;
				CLANG_CXX_LANGUAGE_STANDARD = "gnu++20";
				CLANG_ENABLE_MODULES = YES;
				CLANG_ENABLE_OBJC_ARC = YES;
				CLANG_ENABLE_OBJC_WEAK = YES;
				CLANG_WARN_BLOCK_CAPTURE_AUTORELEASING = YES;
				CLANG_WARN_BOOL_CONVERSION = YES;
				CLANG_WARN_COMMA = YES;
				CLANG_WARN_CONSTANT_CONVERSION = YES;
				CLANG_WARN_DEPRECATED_OBJC_IMPLEMENTATIONS = YES;
				CLANG_WARN_DIRECT_OBJC_ISA_USAGE = YES_ERROR;
				CLANG_WARN_DOCUMENTATION_COMMENTS = YES;
				CLANG_WARN_EMPTY_BODY = YES;
				CLANG_WARN_ENUM_CONVERSION = YES;
				CLANG_WARN_INFINITE_RECURSION = YES;
				CLANG_WARN_INT_CONVERSION = YES;
				CLANG_WARN_NON_LITERAL_NULL_CONVERSION = YES;
				CLANG_WARN_OBJC_IMPLICIT_RETAIN_SELF = YES;
				CLANG_WARN_OBJC_LITERAL_CONVERSION = YES;
				CLANG_WARN_OBJC_ROOT_CLASS = YES_ERROR;
				CLANG_WARN_QUOTED_INCLUDE_IN_FRAMEWORK_HEADER = YES;
				CLANG_WARN_RANGE_LOOP_ANALYSIS = YES;
				CLANG_WARN_STRICT_PROTOTYPES = YES;
				CLANG_WARN_SUSPICIOUS_MOVE = YES;
				CLANG_WARN_UNGUARDED_AVAILABILITY = YES_AGGRESSIVE;
				CLANG_WARN_UNREACHABLE_CODE = YES;
				CLANG_WARN__DUPLICATE_METHOD_MATCH = YES;
				COPY_PHASE_STRIP = NO;
				DEBUG_INFORMATION_FORMAT = dwarf;
				ENABLE_STRICT_OBJC_MSGSEND = YES;
				ENABLE_TESTABILITY = YES;
				GCC_C_LANGUAGE_STANDARD = gnu11;
				GCC_DYNAMIC_NO_PIC = NO;
				GCC_NO_COMMON_BLOCKS = YES;
				GCC_OPTIMIZATION_LEVEL = 0;
				GCC_PREPROCESSOR_DEFINITIONS = (
					"DEBUG=1",
					"$(inherited)",
				);
				GCC_WARN_64_TO_32_BIT_CONVERSION = YES;
				GCC_WARN_ABOUT_RETURN_TYPE = YES_ERROR;
				GCC_WARN_UNDECLARED_SELECTOR = YES;
				GCC_WARN_UNINITIALIZED_AUTOS = YES_AGGRESSIVE;
				GCC_WARN_UNUSED_FUNCTION = YES;
				GCC_WARN_UNUSED_VARIABLE = YES;
				IPHONEOS_DEPLOYMENT_TARGET = 16.4;
				MTL_ENABLE_DEBUG_INFO = INCLUDE_SOURCE;
				MTL_FAST_MATH = YES;
				ONLY_ACTIVE_ARCH = YES;
				SDKROOT = iphoneos;
				SWIFT_ACTIVE_COMPILATION_CONDITIONS = DEBUG;
				SWIFT_OPTIMIZATION_LEVEL = "-Onone";
			};
			name = Debug;
		};
		E2577F0C29F88E8A004DDE57 /* Release */ = {
			isa = XCBuildConfiguration;
			buildSettings = {
				ALWAYS_SEARCH_USER_PATHS = NO;
				CLANG_ANALYZER_NONNULL = YES;
				CLANG_ANALYZER_NUMBER_OBJECT_CONVERSION = YES_AGGRESSIVE;
				CLANG_CXX_LANGUAGE_STANDARD = "gnu++20";
				CLANG_ENABLE_MODULES = YES;
				CLANG_ENABLE_OBJC_ARC = YES;
				CLANG_ENABLE_OBJC_WEAK = YES;
				CLANG_WARN_BLOCK_CAPTURE_AUTORELEASING = YES;
				CLANG_WARN_BOOL_CONVERSION = YES;
				CLANG_WARN_COMMA = YES;
				CLANG_WARN_CONSTANT_CONVERSION = YES;
				CLANG_WARN_DEPRECATED_OBJC_IMPLEMENTATIONS = YES;
				CLANG_WARN_DIRECT_OBJC_ISA_USAGE = YES_ERROR;
				CLANG_WARN_DOCUMENTATION_COMMENTS = YES;
				CLANG_WARN_EMPTY_BODY = YES;
				CLANG_WARN_ENUM_CONVERSION = YES;
				CLANG_WARN_INFINITE_RECURSION = YES;
				CLANG_WARN_INT_CONVERSION = YES;
				CLANG_WARN_NON_LITERAL_NULL_CONVERSION = YES;
				CLANG_WARN_OBJC_IMPLICIT_RETAIN_SELF = YES;
				CLANG_WARN_OBJC_LITERAL_CONVERSION = YES;
				CLANG_WARN_OBJC_ROOT_CLASS = YES_ERROR;
				CLANG_WARN_QUOTED_INCLUDE_IN_FRAMEWORK_HEADER = YES;
				CLANG_WARN_RANGE_LOOP_ANALYSIS = YES;
				CLANG_WARN_STRICT_PROTOTYPES = YES;
				CLANG_WARN_SUSPICIOUS_MOVE = YES;
				CLANG_WARN_UNGUARDED_AVAILABILITY = YES_AGGRESSIVE;
				CLANG_WARN_UNREACHABLE_CODE = YES;
				CLANG_WARN__DUPLICATE_METHOD_MATCH = YES;
				COPY_PHASE_STRIP = NO;
				DEBUG_INFORMATION_FORMAT = "dwarf-with-dsym";
				ENABLE_NS_ASSERTIONS = NO;
				ENABLE_STRICT_OBJC_MSGSEND = YES;
				GCC_C_LANGUAGE_STANDARD = gnu11;
				GCC_NO_COMMON_BLOCKS = YES;
				GCC_WARN_64_TO_32_BIT_CONVERSION = YES;
				GCC_WARN_ABOUT_RETURN_TYPE = YES_ERROR;
				GCC_WARN_UNDECLARED_SELECTOR = YES;
				GCC_WARN_UNINITIALIZED_AUTOS = YES_AGGRESSIVE;
				GCC_WARN_UNUSED_FUNCTION = YES;
				GCC_WARN_UNUSED_VARIABLE = YES;
				IPHONEOS_DEPLOYMENT_TARGET = 16.4;
				MTL_ENABLE_DEBUG_INFO = NO;
				MTL_FAST_MATH = YES;
				SDKROOT = iphoneos;
				SWIFT_COMPILATION_MODE = wholemodule;
				SWIFT_OPTIMIZATION_LEVEL = "-O";
				VALIDATE_PRODUCT = YES;
			};
			name = Release;
		};
		E2577F0E29F88E8A004DDE57 /* Debug */ = {
			isa = XCBuildConfiguration;
			buildSettings = {
				ASSETCATALOG_COMPILER_APPICON_NAME = AppIcon;
				ASSETCATALOG_COMPILER_GLOBAL_ACCENT_COLOR_NAME = AccentColor;
				CODE_SIGN_STYLE = Automatic;
				CURRENT_PROJECT_VERSION = 1;
				GENERATE_INFOPLIST_FILE = YES;
				INFOPLIST_FILE = "CharacterViewer/Simpsons Character Viewer.plist";
				INFOPLIST_KEY_UIApplicationSupportsIndirectInputEvents = YES;
				INFOPLIST_KEY_UILaunchStoryboardName = LaunchScreen;
				INFOPLIST_KEY_UISupportedInterfaceOrientations_iPad = "UIInterfaceOrientationPortrait UIInterfaceOrientationPortraitUpsideDown UIInterfaceOrientationLandscapeLeft UIInterfaceOrientationLandscapeRight";
				INFOPLIST_KEY_UISupportedInterfaceOrientations_iPhone = "UIInterfaceOrientationPortrait UIInterfaceOrientationLandscapeLeft UIInterfaceOrientationLandscapeRight";
				LD_RUNPATH_SEARCH_PATHS = (
					"$(inherited)",
					"@executable_path/Frameworks",
				);
				MARKETING_VERSION = 1.0;
				OTHER_SWIFT_FLAGS = "-DSimpsons";
				PRODUCT_BUNDLE_IDENTIFIER = com.sample.simpsonsviewer;
				PRODUCT_NAME = "$(TARGET_NAME)";
				SWIFT_EMIT_LOC_STRINGS = YES;
				SWIFT_VERSION = 5.0;
				TARGETED_DEVICE_FAMILY = "1,2";
			};
			name = Debug;
		};
		E2577F0F29F88E8A004DDE57 /* Release */ = {
			isa = XCBuildConfiguration;
			buildSettings = {
				ASSETCATALOG_COMPILER_APPICON_NAME = AppIcon;
				ASSETCATALOG_COMPILER_GLOBAL_ACCENT_COLOR_NAME = AccentColor;
				CODE_SIGN_STYLE = Automatic;
				CURRENT_PROJECT_VERSION = 1;
				GENERATE_INFOPLIST_FILE = YES;
				INFOPLIST_FILE = "CharacterViewer/Simpsons Character Viewer.plist";
				INFOPLIST_KEY_UIApplicationSupportsIndirectInputEvents = YES;
				INFOPLIST_KEY_UILaunchStoryboardName = LaunchScreen;
				INFOPLIST_KEY_UISupportedInterfaceOrientations_iPad = "UIInterfaceOrientationPortrait UIInterfaceOrientationPortraitUpsideDown UIInterfaceOrientationLandscapeLeft UIInterfaceOrientationLandscapeRight";
				INFOPLIST_KEY_UISupportedInterfaceOrientations_iPhone = "UIInterfaceOrientationPortrait UIInterfaceOrientationLandscapeLeft UIInterfaceOrientationLandscapeRight";
				LD_RUNPATH_SEARCH_PATHS = (
					"$(inherited)",
					"@executable_path/Frameworks",
				);
				MARKETING_VERSION = 1.0;
				OTHER_SWIFT_FLAGS = "-DSimpsons";
				PRODUCT_BUNDLE_IDENTIFIER = com.sample.simpsonsviewer;
				PRODUCT_NAME = "$(TARGET_NAME)";
				SWIFT_EMIT_LOC_STRINGS = YES;
				SWIFT_VERSION = 5.0;
				TARGETED_DEVICE_FAMILY = "1,2";
			};
			name = Release;
		};
		E2577F1B29F8901A004DDE57 /* Debug */ = {
			isa = XCBuildConfiguration;
			buildSettings = {
				ASSETCATALOG_COMPILER_APPICON_NAME = AppIcon;
				ASSETCATALOG_COMPILER_GLOBAL_ACCENT_COLOR_NAME = AccentColor;
				CODE_SIGN_STYLE = Automatic;
				CURRENT_PROJECT_VERSION = 1;
				GENERATE_INFOPLIST_FILE = YES;
				INFOPLIST_FILE = "The Wire Character Viewer.plist";
				INFOPLIST_KEY_UIApplicationSupportsIndirectInputEvents = YES;
				INFOPLIST_KEY_UILaunchStoryboardName = LaunchScreen;
				INFOPLIST_KEY_UISupportedInterfaceOrientations_iPad = "UIInterfaceOrientationPortrait UIInterfaceOrientationPortraitUpsideDown UIInterfaceOrientationLandscapeLeft UIInterfaceOrientationLandscapeRight";
				INFOPLIST_KEY_UISupportedInterfaceOrientations_iPhone = "UIInterfaceOrientationPortrait UIInterfaceOrientationLandscapeLeft UIInterfaceOrientationLandscapeRight";
				LD_RUNPATH_SEARCH_PATHS = (
					"$(inherited)",
					"@executable_path/Frameworks",
				);
				MARKETING_VERSION = 1.0;
				OTHER_SWIFT_FLAGS = "-DWire";
				PRODUCT_BUNDLE_IDENTIFIER = com.sample.wireviewer;
				PRODUCT_NAME = "$(TARGET_NAME)";
				SWIFT_EMIT_LOC_STRINGS = YES;
				SWIFT_VERSION = 5.0;
				TARGETED_DEVICE_FAMILY = "1,2";
			};
			name = Debug;
		};
		E2577F1C29F8901A004DDE57 /* Release */ = {
			isa = XCBuildConfiguration;
			buildSettings = {
				ASSETCATALOG_COMPILER_APPICON_NAME = AppIcon;
				ASSETCATALOG_COMPILER_GLOBAL_ACCENT_COLOR_NAME = AccentColor;
				CODE_SIGN_STYLE = Automatic;
				CURRENT_PROJECT_VERSION = 1;
				GENERATE_INFOPLIST_FILE = YES;
				INFOPLIST_FILE = "The Wire Character Viewer.plist";
				INFOPLIST_KEY_UIApplicationSupportsIndirectInputEvents = YES;
				INFOPLIST_KEY_UILaunchStoryboardName = LaunchScreen;
				INFOPLIST_KEY_UISupportedInterfaceOrientations_iPad = "UIInterfaceOrientationPortrait UIInterfaceOrientationPortraitUpsideDown UIInterfaceOrientationLandscapeLeft UIInterfaceOrientationLandscapeRight";
				INFOPLIST_KEY_UISupportedInterfaceOrientations_iPhone = "UIInterfaceOrientationPortrait UIInterfaceOrientationLandscapeLeft UIInterfaceOrientationLandscapeRight";
				LD_RUNPATH_SEARCH_PATHS = (
					"$(inherited)",
					"@executable_path/Frameworks",
				);
				MARKETING_VERSION = 1.0;
				OTHER_SWIFT_FLAGS = "-DWire";
				PRODUCT_BUNDLE_IDENTIFIER = com.sample.wireviewer;
				PRODUCT_NAME = "$(TARGET_NAME)";
				SWIFT_EMIT_LOC_STRINGS = YES;
				SWIFT_VERSION = 5.0;
				TARGETED_DEVICE_FAMILY = "1,2";
			};
			name = Release;
		};
/* End XCBuildConfiguration section */

/* Begin XCConfigurationList section */
		E2577EF429F88E89004DDE57 /* Build configuration list for PBXProject "CharacterViewer" */ = {
			isa = XCConfigurationList;
			buildConfigurations = (
				E2577F0B29F88E8A004DDE57 /* Debug */,
				E2577F0C29F88E8A004DDE57 /* Release */,
			);
			defaultConfigurationIsVisible = 0;
			defaultConfigurationName = Release;
		};
		E2577F0D29F88E8A004DDE57 /* Build configuration list for PBXNativeTarget "Simpsons Character Viewer" */ = {
			isa = XCConfigurationList;
			buildConfigurations = (
				E2577F0E29F88E8A004DDE57 /* Debug */,
				E2577F0F29F88E8A004DDE57 /* Release */,
			);
			defaultConfigurationIsVisible = 0;
			defaultConfigurationName = Release;
		};
		E2577F1A29F8901A004DDE57 /* Build configuration list for PBXNativeTarget "The Wire Character Viewer" */ = {
			isa = XCConfigurationList;
			buildConfigurations = (
				E2577F1B29F8901A004DDE57 /* Debug */,
				E2577F1C29F8901A004DDE57 /* Release */,
			);
			defaultConfigurationIsVisible = 0;
			defaultConfigurationName = Release;
		};
/* End XCConfigurationList section */
	};
	rootObject = E2577EF129F88E89004DDE57 /* Project object */;
}
